
Microsoft Visual Studio Solution File, Format Version 12.00
Project("{FAE04EC0-301F-11D3-BF4B-00C04F79EFBC}") = "jetapp1", "jetapp1\jetapp1.csproj", "{1B88DF64-3944-4BB8-ADA2-A56B46EA2917}"
EndProject
Global
	GlobalSection(SolutionConfigurationPlatforms) = preSolution
		Debug|Any CPU = Debug|Any CPU
		Release|Any CPU = Release|Any CPU
	EndGlobalSection
	GlobalSection(ProjectConfigurationPlatforms) = postSolution
		{1B88DF64-3944-4BB8-ADA2-A56B46EA2917}.Debug|Any CPU.ActiveCfg = Debug|Any CPU
		{1B88DF64-3944-4BB8-ADA2-A56B46EA2917}.Debug|Any CPU.Build.0 = Debug|Any CPU
		{1B88DF64-3944-4BB8-ADA2-A56B46EA2917}.Release|Any CPU.ActiveCfg = Release|Any CPU
		{1B88DF64-3944-4BB8-ADA2-A56B46EA2917}.Release|Any CPU.Build.0 = Release|Any CPU
	EndGlobalSection
EndGlobal
